
Microsoft Visual Studio Solution File, Format Version 12.00
# Visual Studio 14
VisualStudioVersion = 14.0.25420.1
MinimumVisualStudioVersion = 10.0.40219.1
Project("{FAE04EC0-301F-11D3-BF4B-00C04F79EFBC}") = "WebApp", "WebApp\WebApp.csproj", "{7BDF82C1-82D3-47F3-BB38-CD1A2FD27A90}"
EndProject
Project("{FAE04EC0-301F-11D3-BF4B-00C04F79EFBC}") = "WebApi", "WebApi\WebApi.csproj", "{5A060D93-8EF6-4184-B7E9-55D9CB4D3B8D}"
EndProject
Project("{FAE04EC0-301F-11D3-BF4B-00C04F79EFBC}") = "Business", "Business\Business.csproj", "{05BB3C09-229B-4EEB-8F30-3547C525DAC9}"
EndProject
Project("{FAE04EC0-301F-11D3-BF4B-00C04F79EFBC}") = "Dto", "Dto\Dto.csproj", "{A8A92918-5C8A-4A30-9468-9D0DB67EEAF4}"
EndProject
Project("{FAE04EC0-301F-11D3-BF4B-00C04F79EFBC}") = "Common", "Common\Common.csproj", "{6A8DC409-AFF0-4A10-A37D-1B5EAF8407FE}"
EndProject
Project("{FAE04EC0-301F-11D3-BF4B-00C04F79EFBC}") = "Dao", "Dao\Dao.csproj", "{00B07BBB-66B0-4D9A-93E5-3ADEBF4FFD16}"
EndProject
Global
	GlobalSection(SolutionConfigurationPlatforms) = preSolution
		Debug|Any CPU = Debug|Any CPU
		Release|Any CPU = Release|Any CPU
	EndGlobalSection
	GlobalSection(ProjectConfigurationPlatforms) = postSolution
		{7BDF82C1-82D3-47F3-BB38-CD1A2FD27A90}.Debug|Any CPU.ActiveCfg = Debug|Any CPU
		{7BDF82C1-82D3-47F3-BB38-CD1A2FD27A90}.Debug|Any CPU.Build.0 = Debug|Any CPU
		{7BDF82C1-82D3-47F3-BB38-CD1A2FD27A90}.Release|Any CPU.ActiveCfg = Release|Any CPU
		{7BDF82C1-82D3-47F3-BB38-CD1A2FD27A90}.Release|Any CPU.Build.0 = Release|Any CPU
		{5A060D93-8EF6-4184-B7E9-55D9CB4D3B8D}.Debug|Any CPU.ActiveCfg = Debug|Any CPU
		{5A060D93-8EF6-4184-B7E9-55D9CB4D3B8D}.Debug|Any CPU.Build.0 = Debug|Any CPU
		{5A060D93-8EF6-4184-B7E9-55D9CB4D3B8D}.Release|Any CPU.ActiveCfg = Release|Any CPU
		{5A060D93-8EF6-4184-B7E9-55D9CB4D3B8D}.Release|Any CPU.Build.0 = Release|Any CPU
		{05BB3C09-229B-4EEB-8F30-3547C525DAC9}.Debug|Any CPU.ActiveCfg = Debug|Any CPU
		{05BB3C09-229B-4EEB-8F30-3547C525DAC9}.Debug|Any CPU.Build.0 = Debug|Any CPU
		{05BB3C09-229B-4EEB-8F30-3547C525DAC9}.Release|Any CPU.ActiveCfg = Release|Any CPU
		{05BB3C09-229B-4EEB-8F30-3547C525DAC9}.Release|Any CPU.Build.0 = Release|Any CPU
		{A8A92918-5C8A-4A30-9468-9D0DB67EEAF4}.Debug|Any CPU.ActiveCfg = Debug|Any CPU
		{A8A92918-5C8A-4A30-9468-9D0DB67EEAF4}.Debug|Any CPU.Build.0 = Debug|Any CPU
		{A8A92918-5C8A-4A30-9468-9D0DB67EEAF4}.Release|Any CPU.ActiveCfg = Release|Any CPU
		{A8A92918-5C8A-4A30-9468-9D0DB67EEAF4}.Release|Any CPU.Build.0 = Release|Any CPU
		{6A8DC409-AFF0-4A10-A37D-1B5EAF8407FE}.Debug|Any CPU.ActiveCfg = Debug|Any CPU
		{6A8DC409-AFF0-4A10-A37D-1B5EAF8407FE}.Debug|Any CPU.Build.0 = Debug|Any CPU
		{6A8DC409-AFF0-4A10-A37D-1B5EAF8407FE}.Release|Any CPU.ActiveCfg = Release|Any CPU
		{6A8DC409-AFF0-4A10-A37D-1B5EAF8407FE}.Release|Any CPU.Build.0 = Release|Any CPU
		{00B07BBB-66B0-4D9A-93E5-3ADEBF4FFD16}.Debug|Any CPU.ActiveCfg = Debug|Any CPU
		{00B07BBB-66B0-4D9A-93E5-3ADEBF4FFD16}.Debug|Any CPU.Build.0 = Debug|Any CPU
		{00B07BBB-66B0-4D9A-93E5-3ADEBF4FFD16}.Release|Any CPU.ActiveCfg = Release|Any CPU
		{00B07BBB-66B0-4D9A-93E5-3ADEBF4FFD16}.Release|Any CPU.Build.0 = Release|Any CPU
	EndGlobalSection
	GlobalSection(SolutionProperties) = preSolution
		HideSolutionNode = FALSE
	EndGlobalSection
EndGlobal
